
Microsoft Visual Studio Solution File, Format Version 12.00
# Visual Studio Version 16
VisualStudioVersion = 16.0.30114.105
MinimumVisualStudioVersion = 10.0.40219.1
Project("{FAE04EC0-301F-11D3-BF4B-00C04F79EFBC}") = "IO_GRA_graczChodzenieGrafika", "IO_GRA_graczChodzenieGrafika\IO_GRA_graczChodzenieGrafika.csproj", "{A8581D3E-3951-4B31-B48B-A670435856EC}"
EndProject
Project("{FAE04EC0-301F-11D3-BF4B-00C04F79EFBC}") = "OrbitingObjectExample", "OrbitingObjectExample\OrbitingObjectExample.csproj", "{ADA88A90-26B9-49ED-AD72-7BB1F1DF8975}"
EndProject
Global
	GlobalSection(SolutionConfigurationPlatforms) = preSolution
		Debug|Any CPU = Debug|Any CPU
		Release|Any CPU = Release|Any CPU
	EndGlobalSection
	GlobalSection(ProjectConfigurationPlatforms) = postSolution
		{A8581D3E-3951-4B31-B48B-A670435856EC}.Debug|Any CPU.ActiveCfg = Debug|Any CPU
		{A8581D3E-3951-4B31-B48B-A670435856EC}.Debug|Any CPU.Build.0 = Debug|Any CPU
		{A8581D3E-3951-4B31-B48B-A670435856EC}.Release|Any CPU.ActiveCfg = Release|Any CPU
		{A8581D3E-3951-4B31-B48B-A670435856EC}.Release|Any CPU.Build.0 = Release|Any CPU
		{ADA88A90-26B9-49ED-AD72-7BB1F1DF8975}.Debug|Any CPU.ActiveCfg = Debug|Any CPU
		{ADA88A90-26B9-49ED-AD72-7BB1F1DF8975}.Debug|Any CPU.Build.0 = Debug|Any CPU
		{ADA88A90-26B9-49ED-AD72-7BB1F1DF8975}.Release|Any CPU.ActiveCfg = Release|Any CPU
		{ADA88A90-26B9-49ED-AD72-7BB1F1DF8975}.Release|Any CPU.Build.0 = Release|Any CPU
	EndGlobalSection
	GlobalSection(SolutionProperties) = preSolution
		HideSolutionNode = FALSE
	EndGlobalSection
	GlobalSection(ExtensibilityGlobals) = postSolution
		SolutionGuid = {D7276871-920A-45B2-9C8D-E3E5C95CEFC4}
	EndGlobalSection
EndGlobal
